
Microsoft Visual Studio Solution File, Format Version 12.00
# Visual Studio 15
VisualStudioVersion = 15.0.28010.2046
MinimumVisualStudioVersion = 10.0.40219.1
Project("{FAE04EC0-301F-11D3-BF4B-00C04F79EFBC}") = "KeyLibrary", "KeyLibrary\KeyLibrary.csproj", "{CC9EA187-FA18-4FF2-8E5B-3E8E77B29EF2}"
EndProject
Global
	GlobalSection(SolutionConfigurationPlatforms) = preSolution
		Debug|Any CPU = Debug|Any CPU
		Release|Any CPU = Release|Any CPU
	EndGlobalSection
	GlobalSection(ProjectConfigurationPlatforms) = postSolution
		{CC9EA187-FA18-4FF2-8E5B-3E8E77B29EF2}.Debug|Any CPU.ActiveCfg = Debug|Any CPU
		{CC9EA187-FA18-4FF2-8E5B-3E8E77B29EF2}.Debug|Any CPU.Build.0 = Debug|Any CPU
		{CC9EA187-FA18-4FF2-8E5B-3E8E77B29EF2}.Release|Any CPU.ActiveCfg = Release|Any CPU
		{CC9EA187-FA18-4FF2-8E5B-3E8E77B29EF2}.Release|Any CPU.Build.0 = Release|Any CPU
	EndGlobalSection
	GlobalSection(SolutionProperties) = preSolution
		HideSolutionNode = FALSE
	EndGlobalSection
	GlobalSection(ExtensibilityGlobals) = postSolution
		SolutionGuid = {1890741C-E93C-4BE4-A1D7-E0246DD25939}
	EndGlobalSection
EndGlobal
